// !$*UTF8*$!
{
	archiveVersion = 1;
	classes = {
	};
	objectVersion = 55;
	objects = {

/* Begin PBXBuildFile section */
		AD136338283BC927002C6FAF /* ChatInputAccessoryView.xib in Resources */ = {isa = PBXBuildFile; fileRef = AD136337283BC927002C6FAF /* ChatInputAccessoryView.xib */; };
		AD8C82EC283D1B7C00BFA35B /* ChatInputAccessoryView.swift in Sources */ = {isa = PBXBuildFile; fileRef = AD8C82EB283D1B7C00BFA35B /* ChatInputAccessoryView.swift */; };
		ADB2A7CD2835C0DE0001934D /* AppDelegate.swift in Sources */ = {isa = PBXBuildFile; fileRef = ADB2A7CC2835C0DE0001934D /* AppDelegate.swift */; };
		ADB2A7CF2835C0DE0001934D /* SceneDelegate.swift in Sources */ = {isa = PBXBuildFile; fileRef = ADB2A7CE2835C0DE0001934D /* SceneDelegate.swift */; };
		ADB2A7D62835C0E70001934D /* Assets.xcassets in Resources */ = {isa = PBXBuildFile; fileRef = ADB2A7D52835C0E70001934D /* Assets.xcassets */; };
		ADB2A7D92835C0E70001934D /* LaunchScreen.storyboard in Resources */ = {isa = PBXBuildFile; fileRef = ADB2A7D72835C0E70001934D /* LaunchScreen.storyboard */; };
		ADB2A7E52835C2C80001934D /* ChatList.storyboard in Resources */ = {isa = PBXBuildFile; fileRef = ADB2A7E42835C2C80001934D /* ChatList.storyboard */; };
		ADB2A7E72835C37E0001934D /* ChatListViewController.swift in Sources */ = {isa = PBXBuildFile; fileRef = ADB2A7E62835C37E0001934D /* ChatListViewController.swift */; };
		ADB2A7EA283638CC0001934D /* UIColor.swift in Sources */ = {isa = PBXBuildFile; fileRef = ADB2A7E9283638CC0001934D /* UIColor.swift */; };
		ADB2A7EC283672C50001934D /* ChatRoom.storyboard in Resources */ = {isa = PBXBuildFile; fileRef = ADB2A7EB283672C50001934D /* ChatRoom.storyboard */; };
		ADB2A7EE2836734F0001934D /* ChatRoomViewController.swift in Sources */ = {isa = PBXBuildFile; fileRef = ADB2A7ED2836734F0001934D /* ChatRoomViewController.swift */; };
		ADB2A7F0283679E70001934D /* ChatRoomTableViewCell.xib in Resources */ = {isa = PBXBuildFile; fileRef = ADB2A7EF283679E70001934D /* ChatRoomTableViewCell.xib */; };
		ADB2A7F228367D300001934D /* ChatRoomTableViewCell.swift in Sources */ = {isa = PBXBuildFile; fileRef = ADB2A7F128367D300001934D /* ChatRoomTableViewCell.swift */; };
		ADE4C9F32843555E00B1B115 /* SiggnUp.storyboard in Resources */ = {isa = PBXBuildFile; fileRef = ADE4C9F22843555E00B1B115 /* SiggnUp.storyboard */; };
		ADE4C9F528435C9700B1B115 /* SignUpViewController.swift in Sources */ = {isa = PBXBuildFile; fileRef = ADE4C9F428435C9700B1B115 /* SignUpViewController.swift */; };
		ADFFC75828432C8A008137EB /* GoogleService-Info.plist in Resources */ = {isa = PBXBuildFile; fileRef = ADFFC75728432C8A008137EB /* GoogleService-Info.plist */; };
		C5EF57EC1390158B80E6C2F4 /* Pods_ChatApp_WithFirebase.framework in Frameworks */ = {isa = PBXBuildFile; fileRef = 7807A1FFA559FBC880B94ADD /* Pods_ChatApp_WithFirebase.framework */; };
/* End PBXBuildFile section */

/* Begin PBXFileReference section */
		4E5ED4AE3C7CC040BAAA91E7 /* Pods-ChatApp WithFirebase.debug.xcconfig */ = {isa = PBXFileReference; includeInIndex = 1; lastKnownFileType = text.xcconfig; name = "Pods-ChatApp WithFirebase.debug.xcconfig"; path = "Target Support Files/Pods-ChatApp WithFirebase/Pods-ChatApp WithFirebase.debug.xcconfig"; sourceTree = "<group>"; };
		698C4DEB5EB490E4EDF8F2B4 /* Pods-ChatApp WithFirebase.release.xcconfig */ = {isa = PBXFileReference; includeInIndex = 1; lastKnownFileType = text.xcconfig; name = "Pods-ChatApp WithFirebase.release.xcconfig"; path = "Target Support Files/Pods-ChatApp WithFirebase/Pods-ChatApp WithFirebase.release.xcconfig"; sourceTree = "<group>"; };
		7807A1FFA559FBC880B94ADD /* Pods_ChatApp_WithFirebase.framework */ = {isa = PBXFileReference; explicitFileType = wrapper.framework; includeInIndex = 0; path = Pods_ChatApp_WithFirebase.framework; sourceTree = BUILT_PRODUCTS_DIR; };
		AD136337283BC927002C6FAF /* ChatInputAccessoryView.xib */ = {isa = PBXFileReference; lastKnownFileType = file.xib; path = ChatInputAccessoryView.xib; sourceTree = "<group>"; };
		AD8C82EB283D1B7C00BFA35B /* ChatInputAccessoryView.swift */ = {isa = PBXFileReference; lastKnownFileType = sourcecode.swift; path = ChatInputAccessoryView.swift; sourceTree = "<group>"; };
		ADB2A7C92835C0DE0001934D /* ChatApp WithFirebase.app */ = {isa = PBXFileReference; explicitFileType = wrapper.application; includeInIndex = 0; path = "ChatApp WithFirebase.app"; sourceTree = BUILT_PRODUCTS_DIR; };
		ADB2A7CC2835C0DE0001934D /* AppDelegate.swift */ = {isa = PBXFileReference; lastKnownFileType = sourcecode.swift; path = AppDelegate.swift; sourceTree = "<group>"; };
		ADB2A7CE2835C0DE0001934D /* SceneDelegate.swift */ = {isa = PBXFileReference; lastKnownFileType = sourcecode.swift; path = SceneDelegate.swift; sourceTree = "<group>"; };
		ADB2A7D52835C0E70001934D /* Assets.xcassets */ = {isa = PBXFileReference; lastKnownFileType = folder.assetcatalog; path = Assets.xcassets; sourceTree = "<group>"; };
		ADB2A7D82835C0E70001934D /* Base */ = {isa = PBXFileReference; lastKnownFileType = file.storyboard; name = Base; path = Base.lproj/LaunchScreen.storyboard; sourceTree = "<group>"; };
		ADB2A7DA2835C0E70001934D /* Info.plist */ = {isa = PBXFileReference; lastKnownFileType = text.plist.xml; path = Info.plist; sourceTree = "<group>"; };
		ADB2A7E42835C2C80001934D /* ChatList.storyboard */ = {isa = PBXFileReference; lastKnownFileType = file.storyboard; path = ChatList.storyboard; sourceTree = "<group>"; };
		ADB2A7E62835C37E0001934D /* ChatListViewController.swift */ = {isa = PBXFileReference; lastKnownFileType = sourcecode.swift; path = ChatListViewController.swift; sourceTree = "<group>"; };
		ADB2A7E9283638CC0001934D /* UIColor.swift */ = {isa = PBXFileReference; lastKnownFileType = sourcecode.swift; path = UIColor.swift; sourceTree = "<group>"; };
		ADB2A7EB283672C50001934D /* ChatRoom.storyboard */ = {isa = PBXFileReference; lastKnownFileType = file.storyboard; path = ChatRoom.storyboard; sourceTree = "<group>"; };
		ADB2A7ED2836734F0001934D /* ChatRoomViewController.swift */ = {isa = PBXFileReference; lastKnownFileType = sourcecode.swift; path = ChatRoomViewController.swift; sourceTree = "<group>"; };
		ADB2A7EF283679E70001934D /* ChatRoomTableViewCell.xib */ = {isa = PBXFileReference; lastKnownFileType = file.xib; path = ChatRoomTableViewCell.xib; sourceTree = "<group>"; };
		ADB2A7F128367D300001934D /* ChatRoomTableViewCell.swift */ = {isa = PBXFileReference; lastKnownFileType = sourcecode.swift; path = ChatRoomTableViewCell.swift; sourceTree = "<group>"; };
		ADE4C9F22843555E00B1B115 /* SiggnUp.storyboard */ = {isa = PBXFileReference; lastKnownFileType = file.storyboard; path = SiggnUp.storyboard; sourceTree = "<group>"; };
		ADE4C9F428435C9700B1B115 /* SignUpViewController.swift */ = {isa = PBXFileReference; lastKnownFileType = sourcecode.swift; path = SignUpViewController.swift; sourceTree = "<group>"; };
		ADFFC75728432C8A008137EB /* GoogleService-Info.plist */ = {isa = PBXFileReference; fileEncoding = 4; lastKnownFileType = text.plist.xml; path = "GoogleService-Info.plist"; sourceTree = "<group>"; };
/* End PBXFileReference section */

/* Begin PBXFrameworksBuildPhase section */
		ADB2A7C62835C0DE0001934D /* Frameworks */ = {
			isa = PBXFrameworksBuildPhase;
			buildActionMask = 2147483647;
			files = (
				C5EF57EC1390158B80E6C2F4 /* Pods_ChatApp_WithFirebase.framework in Frameworks */,
			);
			runOnlyForDeploymentPostprocessing = 0;
		};
/* End PBXFrameworksBuildPhase section */

/* Begin PBXGroup section */
		73F6D150682BD6DD653C0E53 /* Pods */ = {
			isa = PBXGroup;
			children = (
				4E5ED4AE3C7CC040BAAA91E7 /* Pods-ChatApp WithFirebase.debug.xcconfig */,
				698C4DEB5EB490E4EDF8F2B4 /* Pods-ChatApp WithFirebase.release.xcconfig */,
			);
			path = Pods;
			sourceTree = "<group>";
		};
		915DCC448F52B2BC23DF55B6 /* Frameworks */ = {
			isa = PBXGroup;
			children = (
				7807A1FFA559FBC880B94ADD /* Pods_ChatApp_WithFirebase.framework */,
			);
			name = Frameworks;
			sourceTree = "<group>";
		};
		AD136334283BC7C0002C6FAF /* Xibs */ = {
			isa = PBXGroup;
			children = (
				ADB2A7EF283679E70001934D /* ChatRoomTableViewCell.xib */,
				AD136337283BC927002C6FAF /* ChatInputAccessoryView.xib */,
				ADE4C9F22843555E00B1B115 /* SiggnUp.storyboard */,
			);
			path = Xibs;
			sourceTree = "<group>";
		};
		AD136335283BC7E8002C6FAF /* Views */ = {
			isa = PBXGroup;
			children = (
				ADB2A7F128367D300001934D /* ChatRoomTableViewCell.swift */,
				AD8C82EB283D1B7C00BFA35B /* ChatInputAccessoryView.swift */,
			);
			path = Views;
			sourceTree = "<group>";
		};
		AD136336283BC813002C6FAF /* Extension */ = {
			isa = PBXGroup;
			children = (
				ADB2A7E9283638CC0001934D /* UIColor.swift */,
			);
			path = Extension;
			sourceTree = "<group>";
		};
		ADB2A7C02835C0DE0001934D = {
			isa = PBXGroup;
			children = (
				ADB2A7CB2835C0DE0001934D /* ChatApp WithFirebase */,
				ADB2A7CA2835C0DE0001934D /* Products */,
				73F6D150682BD6DD653C0E53 /* Pods */,
				915DCC448F52B2BC23DF55B6 /* Frameworks */,
			);
			sourceTree = "<group>";
		};
		ADB2A7CA2835C0DE0001934D /* Products */ = {
			isa = PBXGroup;
			children = (
				ADB2A7C92835C0DE0001934D /* ChatApp WithFirebase.app */,
			);
			name = Products;
			sourceTree = "<group>";
		};
		ADB2A7CB2835C0DE0001934D /* ChatApp WithFirebase */ = {
			isa = PBXGroup;
			children = (
				AD136336283BC813002C6FAF /* Extension */,
				AD136335283BC7E8002C6FAF /* Views */,
				AD136334283BC7C0002C6FAF /* Xibs */,
				ADB2A7CC2835C0DE0001934D /* AppDelegate.swift */,
				ADB2A7CE2835C0DE0001934D /* SceneDelegate.swift */,
				ADB2A7D72835C0E70001934D /* LaunchScreen.storyboard */,
				ADB2A7E8283635E40001934D /* Controllers */,
				ADB2A7DA2835C0E70001934D /* Info.plist */,
				ADB2A7D52835C0E70001934D /* Assets.xcassets */,
			);
			path = "ChatApp WithFirebase";
			sourceTree = "<group>";
		};
		ADB2A7E8283635E40001934D /* Controllers */ = {
			isa = PBXGroup;
			children = (
				ADB2A7E62835C37E0001934D /* ChatListViewController.swift */,
				ADB2A7ED2836734F0001934D /* ChatRoomViewController.swift */,
				ADB2A7E42835C2C80001934D /* ChatList.storyboard */,
				ADB2A7EB283672C50001934D /* ChatRoom.storyboard */,
				ADFFC75728432C8A008137EB /* GoogleService-Info.plist */,
				ADE4C9F428435C9700B1B115 /* SignUpViewController.swift */,
			);
			path = Controllers;
			sourceTree = "<group>";
		};
/* End PBXGroup section */

/* Begin PBXNativeTarget section */
		ADB2A7C82835C0DE0001934D /* ChatApp WithFirebase */ = {
			isa = PBXNativeTarget;
			buildConfigurationList = ADB2A7DD2835C0E70001934D /* Build configuration list for PBXNativeTarget "ChatApp WithFirebase" */;
			buildPhases = (
				8F5E60C55AA2464C94C9211D /* [CP] Check Pods Manifest.lock */,
				ADB2A7C52835C0DE0001934D /* Sources */,
				ADB2A7C62835C0DE0001934D /* Frameworks */,
				ADB2A7C72835C0DE0001934D /* Resources */,
				D3234B0EE5B5E060622F6A0D /* [CP] Embed Pods Frameworks */,
			);
			buildRules = (
			);
			dependencies = (
			);
			name = "ChatApp WithFirebase";
			productName = "ChatApp WithFirebase";
			productReference = ADB2A7C92835C0DE0001934D /* ChatApp WithFirebase.app */;
			productType = "com.apple.product-type.application";
		};
/* End PBXNativeTarget section */

/* Begin PBXProject section */
		ADB2A7C12835C0DE0001934D /* Project object */ = {
			isa = PBXProject;
			attributes = {
				BuildIndependentTargetsInParallel = 1;
				LastSwiftUpdateCheck = 1330;
				LastUpgradeCheck = 1330;
				TargetAttributes = {
					ADB2A7C82835C0DE0001934D = {
						CreatedOnToolsVersion = 13.3;
					};
				};
			};
			buildConfigurationList = ADB2A7C42835C0DE0001934D /* Build configuration list for PBXProject "ChatApp WithFirebase" */;
			compatibilityVersion = "Xcode 13.0";
			developmentRegion = en;
			hasScannedForEncodings = 0;
			knownRegions = (
				en,
				Base,
			);
			mainGroup = ADB2A7C02835C0DE0001934D;
			productRefGroup = ADB2A7CA2835C0DE0001934D /* Products */;
			projectDirPath = "";
			projectRoot = "";
			targets = (
				ADB2A7C82835C0DE0001934D /* ChatApp WithFirebase */,
			);
		};
/* End PBXProject section */

/* Begin PBXResourcesBuildPhase section */
		ADB2A7C72835C0DE0001934D /* Resources */ = {
			isa = PBXResourcesBuildPhase;
			buildActionMask = 2147483647;
			files = (
				ADB2A7F0283679E70001934D /* ChatRoomTableViewCell.xib in Resources */,
				AD136338283BC927002C6FAF /* ChatInputAccessoryView.xib in Resources */,
				ADB2A7D92835C0E70001934D /* LaunchScreen.storyboard in Resources */,
				ADB2A7D62835C0E70001934D /* Assets.xcassets in Resources */,
				ADB2A7E52835C2C80001934D /* ChatList.storyboard in Resources */,
				ADB2A7EC283672C50001934D /* ChatRoom.storyboard in Resources */,
				ADE4C9F32843555E00B1B115 /* SiggnUp.storyboard in Resources */,
				ADFFC75828432C8A008137EB /* GoogleService-Info.plist in Resources */,
			);
			runOnlyForDeploymentPostprocessing = 0;
		};
/* End PBXResourcesBuildPhase section */

/* Begin PBXShellScriptBuildPhase section */
		8F5E60C55AA2464C94C9211D /* [CP] Check Pods Manifest.lock */ = {
			isa = PBXShellScriptBuildPhase;
			buildActionMask = 2147483647;
			files = (
			);
			inputFileListPaths = (
			);
			inputPaths = (
				"${PODS_PODFILE_DIR_PATH}/Podfile.lock",
				"${PODS_ROOT}/Manifest.lock",
			);
			name = "[CP] Check Pods Manifest.lock";
			outputFileListPaths = (
			);
			outputPaths = (
				"$(DERIVED_FILE_DIR)/Pods-ChatApp WithFirebase-checkManifestLockResult.txt",
			);
			runOnlyForDeploymentPostprocessing = 0;
			shellPath = /bin/sh;
			shellScript = "diff \"${PODS_PODFILE_DIR_PATH}/Podfile.lock\" \"${PODS_ROOT}/Manifest.lock\" > /dev/null\nif [ $? != 0 ] ; then\n    # print error to STDERR\n    echo \"error: The sandbox is not in sync with the Podfile.lock. Run 'pod install' or update your CocoaPods installation.\" >&2\n    exit 1\nfi\n# This output is used by Xcode 'outputs' to avoid re-running this script phase.\necho \"SUCCESS\" > \"${SCRIPT_OUTPUT_FILE_0}\"\n";
			showEnvVarsInLog = 0;
		};
		D3234B0EE5B5E060622F6A0D /* [CP] Embed Pods Frameworks */ = {
			isa = PBXShellScriptBuildPhase;
			buildActionMask = 2147483647;
			files = (
			);
			inputFileListPaths = (
				"${PODS_ROOT}/Target Support Files/Pods-ChatApp WithFirebase/Pods-ChatApp WithFirebase-frameworks-${CONFIGURATION}-input-files.xcfilelist",
			);
			name = "[CP] Embed Pods Frameworks";
			outputFileListPaths = (
				"${PODS_ROOT}/Target Support Files/Pods-ChatApp WithFirebase/Pods-ChatApp WithFirebase-frameworks-${CONFIGURATION}-output-files.xcfilelist",
			);
			runOnlyForDeploymentPostprocessing = 0;
			shellPath = /bin/sh;
			shellScript = "\"${PODS_ROOT}/Target Support Files/Pods-ChatApp WithFirebase/Pods-ChatApp WithFirebase-frameworks.sh\"\n";
			showEnvVarsInLog = 0;
		};
/* End PBXShellScriptBuildPhase section */

/* Begin PBXSourcesBuildPhase section */
		ADB2A7C52835C0DE0001934D /* Sources */ = {
			isa = PBXSourcesBuildPhase;
			buildActionMask = 2147483647;
			files = (
				ADB2A7CD2835C0DE0001934D /* AppDelegate.swift in Sources */,
				AD8C82EC283D1B7C00BFA35B /* ChatInputAccessoryView.swift in Sources */,
				ADE4C9F528435C9700B1B115 /* SignUpViewController.swift in Sources */,
				ADB2A7EA283638CC0001934D /* UIColor.swift in Sources */,
				ADB2A7EE2836734F0001934D /* ChatRoomViewController.swift in Sources */,
				ADB2A7E72835C37E0001934D /* ChatListViewController.swift in Sources */,
				ADB2A7F228367D300001934D /* ChatRoomTableViewCell.swift in Sources */,
				ADB2A7CF2835C0DE0001934D /* SceneDelegate.swift in Sources */,
			);
			runOnlyForDeploymentPostprocessing = 0;
		};
/* End PBXSourcesBuildPhase section */

/* Begin PBXVariantGroup section */
		ADB2A7D72835C0E70001934D /* LaunchScreen.storyboard */ = {
			isa = PBXVariantGroup;
			children = (
				ADB2A7D82835C0E70001934D /* Base */,
			);
			name = LaunchScreen.storyboard;
			sourceTree = "<group>";
		};
/* End PBXVariantGroup section */

/* Begin XCBuildConfiguration section */
		ADB2A7DB2835C0E70001934D /* Debug */ = {
			isa = XCBuildConfiguration;
			buildSettings = {
				ALWAYS_SEARCH_USER_PATHS = NO;
				CLANG_ANALYZER_NONNULL = YES;
				CLANG_ANALYZER_NUMBER_OBJECT_CONVERSION = YES_AGGRESSIVE;
				CLANG_CXX_LANGUAGE_STANDARD = "gnu++17";
				CLANG_ENABLE_MODULES = YES;
				CLANG_ENABLE_OBJC_ARC = YES;
				CLANG_ENABLE_OBJC_WEAK = YES;
				CLANG_WARN_BLOCK_CAPTURE_AUTORELEASING = YES;
				CLANG_WARN_BOOL_CONVERSION = YES;
				CLANG_WARN_COMMA = YES;
				CLANG_WARN_CONSTANT_CONVERSION = YES;
				CLANG_WARN_DEPRECATED_OBJC_IMPLEMENTATIONS = YES;
				CLANG_WARN_DIRECT_OBJC_ISA_USAGE = YES_ERROR;
				CLANG_WARN_DOCUMENTATION_COMMENTS = YES;
				CLANG_WARN_EMPTY_BODY = YES;
				CLANG_WARN_ENUM_CONVERSION = YES;
				CLANG_WARN_INFINITE_RECURSION = YES;
				CLANG_WARN_INT_CONVERSION = YES;
				CLANG_WARN_NON_LITERAL_NULL_CONVERSION = YES;
				CLANG_WARN_OBJC_IMPLICIT_RETAIN_SELF = YES;
				CLANG_WARN_OBJC_LITERAL_CONVERSION = YES;
				CLANG_WARN_OBJC_ROOT_CLASS = YES_ERROR;
				CLANG_WARN_QUOTED_INCLUDE_IN_FRAMEWORK_HEADER = YES;
				CLANG_WARN_RANGE_LOOP_ANALYSIS = YES;
				CLANG_WARN_STRICT_PROTOTYPES = YES;
				CLANG_WARN_SUSPICIOUS_MOVE = YES;
				CLANG_WARN_UNGUARDED_AVAILABILITY = YES_AGGRESSIVE;
				CLANG_WARN_UNREACHABLE_CODE = YES;
				CLANG_WARN__DUPLICATE_METHOD_MATCH = YES;
				COPY_PHASE_STRIP = NO;
				DEBUG_INFORMATION_FORMAT = dwarf;
				ENABLE_STRICT_OBJC_MSGSEND = YES;
				ENABLE_TESTABILITY = YES;
				GCC_C_LANGUAGE_STANDARD = gnu11;
				GCC_DYNAMIC_NO_PIC = NO;
				GCC_NO_COMMON_BLOCKS = YES;
				GCC_OPTIMIZATION_LEVEL = 0;
				GCC_PREPROCESSOR_DEFINITIONS = (
					"DEBUG=1",
					"$(inherited)",
				);
				GCC_WARN_64_TO_32_BIT_CONVERSION = YES;
				GCC_WARN_ABOUT_RETURN_TYPE = YES_ERROR;
				GCC_WARN_UNDECLARED_SELECTOR = YES;
				GCC_WARN_UNINITIALIZED_AUTOS = YES_AGGRESSIVE;
				GCC_WARN_UNUSED_FUNCTION = YES;
				GCC_WARN_UNUSED_VARIABLE = YES;
				IPHONEOS_DEPLOYMENT_TARGET = 15.4;
				MTL_ENABLE_DEBUG_INFO = INCLUDE_SOURCE;
				MTL_FAST_MATH = YES;
				ONLY_ACTIVE_ARCH = YES;
				SDKROOT = iphoneos;
				SWIFT_ACTIVE_COMPILATION_CONDITIONS = DEBUG;
				SWIFT_OPTIMIZATION_LEVEL = "-Onone";
			};
			name = Debug;
		};
		ADB2A7DC2835C0E70001934D /* Release */ = {
			isa = XCBuildConfiguration;
			buildSettings = {
				ALWAYS_SEARCH_USER_PATHS = NO;
				CLANG_ANALYZER_NONNULL = YES;
				CLANG_ANALYZER_NUMBER_OBJECT_CONVERSION = YES_AGGRESSIVE;
				CLANG_CXX_LANGUAGE_STANDARD = "gnu++17";
				CLANG_ENABLE_MODULES = YES;
				CLANG_ENABLE_OBJC_ARC = YES;
				CLANG_ENABLE_OBJC_WEAK = YES;
				CLANG_WARN_BLOCK_CAPTURE_AUTORELEASING = YES;
				CLANG_WARN_BOOL_CONVERSION = YES;
				CLANG_WARN_COMMA = YES;
				CLANG_WARN_CONSTANT_CONVERSION = YES;
				CLANG_WARN_DEPRECATED_OBJC_IMPLEMENTATIONS = YES;
				CLANG_WARN_DIRECT_OBJC_ISA_USAGE = YES_ERROR;
				CLANG_WARN_DOCUMENTATION_COMMENTS = YES;
				CLANG_WARN_EMPTY_BODY = YES;
				CLANG_WARN_ENUM_CONVERSION = YES;
				CLANG_WARN_INFINITE_RECURSION = YES;
				CLANG_WARN_INT_CONVERSION = YES;
				CLANG_WARN_NON_LITERAL_NULL_CONVERSION = YES;
				CLANG_WARN_OBJC_IMPLICIT_RETAIN_SELF = YES;
				CLANG_WARN_OBJC_LITERAL_CONVERSION = YES;
				CLANG_WARN_OBJC_ROOT_CLASS = YES_ERROR;
				CLANG_WARN_QUOTED_INCLUDE_IN_FRAMEWORK_HEADER = YES;
				CLANG_WARN_RANGE_LOOP_ANALYSIS = YES;
				CLANG_WARN_STRICT_PROTOTYPES = YES;
				CLANG_WARN_SUSPICIOUS_MOVE = YES;
				CLANG_WARN_UNGUARDED_AVAILABILITY = YES_AGGRESSIVE;
				CLANG_WARN_UNREACHABLE_CODE = YES;
				CLANG_WARN__DUPLICATE_METHOD_MATCH = YES;
				COPY_PHASE_STRIP = NO;
				DEBUG_INFORMATION_FORMAT = "dwarf-with-dsym";
				ENABLE_NS_ASSERTIONS = NO;
				ENABLE_STRICT_OBJC_MSGSEND = YES;
				GCC_C_LANGUAGE_STANDARD = gnu11;
				GCC_NO_COMMON_BLOCKS = YES;
				GCC_WARN_64_TO_32_BIT_CONVERSION = YES;
				GCC_WARN_ABOUT_RETURN_TYPE = YES_ERROR;
				GCC_WARN_UNDECLARED_SELECTOR = YES;
				GCC_WARN_UNINITIALIZED_AUTOS = YES_AGGRESSIVE;
				GCC_WARN_UNUSED_FUNCTION = YES;
				GCC_WARN_UNUSED_VARIABLE = YES;
				IPHONEOS_DEPLOYMENT_TARGET = 15.4;
				MTL_ENABLE_DEBUG_INFO = NO;
				MTL_FAST_MATH = YES;
				SDKROOT = iphoneos;
				SWIFT_COMPILATION_MODE = wholemodule;
				SWIFT_OPTIMIZATION_LEVEL = "-O";
				VALIDATE_PRODUCT = YES;
			};
			name = Release;
		};
		ADB2A7DE2835C0E70001934D /* Debug */ = {
			isa = XCBuildConfiguration;
			baseConfigurationReference = 4E5ED4AE3C7CC040BAAA91E7 /* Pods-ChatApp WithFirebase.debug.xcconfig */;
			buildSettings = {
				ASSETCATALOG_COMPILER_APPICON_NAME = AppIcon;
				ASSETCATALOG_COMPILER_GLOBAL_ACCENT_COLOR_NAME = AccentColor;
				ASSETCATALOG_COMPILER_INCLUDE_ALL_APPICON_ASSETS = YES;
				CODE_SIGN_STYLE = Automatic;
				CURRENT_PROJECT_VERSION = 1;
				DEVELOPMENT_TEAM = HT5BM9TLAU;
				GENERATE_INFOPLIST_FILE = YES;
				INFOPLIST_FILE = "ChatApp WithFirebase/Info.plist";
				INFOPLIST_KEY_UIApplicationSupportsIndirectInputEvents = YES;
				INFOPLIST_KEY_UILaunchStoryboardName = LaunchScreen;
				INFOPLIST_KEY_UIMainStoryboardFile = ChatList;
				INFOPLIST_KEY_UISupportedInterfaceOrientations_iPad = "UIInterfaceOrientationPortrait UIInterfaceOrientationPortraitUpsideDown UIInterfaceOrientationLandscapeLeft UIInterfaceOrientationLandscapeRight";
				INFOPLIST_KEY_UISupportedInterfaceOrientations_iPhone = "UIInterfaceOrientationPortrait UIInterfaceOrientationLandscapeLeft UIInterfaceOrientationLandscapeRight";
				LD_RUNPATH_SEARCH_PATHS = (
					"$(inherited)",
					"@executable_path/Frameworks",
				);
				MARKETING_VERSION = 1.0;
				PRODUCT_BUNDLE_IDENTIFIER = "sinitiomi.ChatApp-WithFirebase";
				PRODUCT_NAME = "$(TARGET_NAME)";
				SWIFT_EMIT_LOC_STRINGS = YES;
				SWIFT_VERSION = 5.0;
				TARGETED_DEVICE_FAMILY = "1,2";
			};
			name = Debug;
		};
		ADB2A7DF2835C0E70001934D /* Release */ = {
			isa = XCBuildConfiguration;
			baseConfigurationReference = 698C4DEB5EB490E4EDF8F2B4 /* Pods-ChatApp WithFirebase.release.xcconfig */;
			buildSettings = {
				ASSETCATALOG_COMPILER_APPICON_NAME = AppIcon;
				ASSETCATALOG_COMPILER_GLOBAL_ACCENT_COLOR_NAME = AccentColor;
				ASSETCATALOG_COMPILER_INCLUDE_ALL_APPICON_ASSETS = YES;
				CODE_SIGN_STYLE = Automatic;
				CURRENT_PROJECT_VERSION = 1;
				DEVELOPMENT_TEAM = HT5BM9TLAU;
				GENERATE_INFOPLIST_FILE = YES;
				INFOPLIST_FILE = "ChatApp WithFirebase/Info.plist";
				INFOPLIST_KEY_UIApplicationSupportsIndirectInputEvents = YES;
				INFOPLIST_KEY_UILaunchStoryboardName = LaunchScreen;
				INFOPLIST_KEY_UIMainStoryboardFile = ChatList;
				INFOPLIST_KEY_UISupportedInterfaceOrientations_iPad = "UIInterfaceOrientationPortrait UIInterfaceOrientationPortraitUpsideDown UIInterfaceOrientationLandscapeLeft UIInterfaceOrientationLandscapeRight";
				INFOPLIST_KEY_UISupportedInterfaceOrientations_iPhone = "UIInterfaceOrientationPortrait UIInterfaceOrientationLandscapeLeft UIInterfaceOrientationLandscapeRight";
				LD_RUNPATH_SEARCH_PATHS = (
					"$(inherited)",
					"@executable_path/Frameworks",
				);
				MARKETING_VERSION = 1.0;
				PRODUCT_BUNDLE_IDENTIFIER = "sinitiomi.ChatApp-WithFirebase";
				PRODUCT_NAME = "$(TARGET_NAME)";
				SWIFT_EMIT_LOC_STRINGS = YES;
				SWIFT_VERSION = 5.0;
				TARGETED_DEVICE_FAMILY = "1,2";
			};
			name = Release;
		};
/* End XCBuildConfiguration section */

/* Begin XCConfigurationList section */
		ADB2A7C42835C0DE0001934D /* Build configuration list for PBXProject "ChatApp WithFirebase" */ = {
			isa = XCConfigurationList;
			buildConfigurations = (
				ADB2A7DB2835C0E70001934D /* Debug */,
				ADB2A7DC2835C0E70001934D /* Release */,
			);
			defaultConfigurationIsVisible = 0;
			defaultConfigurationName = Release;
		};
		ADB2A7DD2835C0E70001934D /* Build configuration list for PBXNativeTarget "ChatApp WithFirebase" */ = {
			isa = XCConfigurationList;
			buildConfigurations = (
				ADB2A7DE2835C0E70001934D /* Debug */,
				ADB2A7DF2835C0E70001934D /* Release */,
			);
			defaultConfigurationIsVisible = 0;
			defaultConfigurationName = Release;
		};
/* End XCConfigurationList section */
	};
	rootObject = ADB2A7C12835C0DE0001934D /* Project object */;
}
